
Microsoft Visual Studio Solution File, Format Version 12.00
# Visual Studio 15
VisualStudioVersion = 15.0.26730.3
MinimumVisualStudioVersion = 10.0.40219.1
Project("{FAE04EC0-301F-11D3-BF4B-00C04F79EFBC}") = "View", "fileRenamer\View.csproj", "{8BAD7A0B-3CF0-4DC5-A091-800D05063DC1}"
EndProject
Project("{FAE04EC0-301F-11D3-BF4B-00C04F79EFBC}") = "fileRenamer(v.2.0)", "fileRenamer(v.2.0)\fileRenamer(v.2.0).csproj", "{62F46A1A-4AC4-478A-83A2-2FA412E071EC}"
EndProject
Project("{FAE04EC0-301F-11D3-BF4B-00C04F79EFBC}") = "Logic", "Logic\Logic.csproj", "{CADAA209-4EA2-4D6A-814E-0353DB0D436B}"
EndProject
Global
	GlobalSection(SolutionConfigurationPlatforms) = preSolution
		Debug|Any CPU = Debug|Any CPU
		Release|Any CPU = Release|Any CPU
	EndGlobalSection
	GlobalSection(ProjectConfigurationPlatforms) = postSolution
		{8BAD7A0B-3CF0-4DC5-A091-800D05063DC1}.Debug|Any CPU.ActiveCfg = Debug|Any CPU
		{8BAD7A0B-3CF0-4DC5-A091-800D05063DC1}.Debug|Any CPU.Build.0 = Debug|Any CPU
		{8BAD7A0B-3CF0-4DC5-A091-800D05063DC1}.Release|Any CPU.ActiveCfg = Release|Any CPU
		{8BAD7A0B-3CF0-4DC5-A091-800D05063DC1}.Release|Any CPU.Build.0 = Release|Any CPU
		{62F46A1A-4AC4-478A-83A2-2FA412E071EC}.Debug|Any CPU.ActiveCfg = Debug|Any CPU
		{62F46A1A-4AC4-478A-83A2-2FA412E071EC}.Debug|Any CPU.Build.0 = Debug|Any CPU
		{62F46A1A-4AC4-478A-83A2-2FA412E071EC}.Release|Any CPU.ActiveCfg = Release|Any CPU
		{62F46A1A-4AC4-478A-83A2-2FA412E071EC}.Release|Any CPU.Build.0 = Release|Any CPU
		{CADAA209-4EA2-4D6A-814E-0353DB0D436B}.Debug|Any CPU.ActiveCfg = Debug|Any CPU
		{CADAA209-4EA2-4D6A-814E-0353DB0D436B}.Debug|Any CPU.Build.0 = Debug|Any CPU
		{CADAA209-4EA2-4D6A-814E-0353DB0D436B}.Release|Any CPU.ActiveCfg = Release|Any CPU
		{CADAA209-4EA2-4D6A-814E-0353DB0D436B}.Release|Any CPU.Build.0 = Release|Any CPU
	EndGlobalSection
	GlobalSection(SolutionProperties) = preSolution
		HideSolutionNode = FALSE
	EndGlobalSection
	GlobalSection(ExtensibilityGlobals) = postSolution
		SolutionGuid = {E655C4C5-C6ED-416A-9E4E-0440A1D03AF4}
	EndGlobalSection
EndGlobal
