
Microsoft Visual Studio Solution File, Format Version 12.00
# Visual Studio 15
VisualStudioVersion = 15.0.26730.3
MinimumVisualStudioVersion = 10.0.40219.1
Project("{FAE04EC0-301F-11D3-BF4B-00C04F79EFBC}") = "fileRenamer", "fileRenamer\fileRenamer.csproj", "{8BAD7A0B-3CF0-4DC5-A091-800D05063DC1}"
EndProject
Project("{FAE04EC0-301F-11D3-BF4B-00C04F79EFBC}") = "Name", "Name\Name.csproj", "{524198C7-90CA-4D17-B932-2D2EDACB0393}"
EndProject
Project("{FAE04EC0-301F-11D3-BF4B-00C04F79EFBC}") = "ReNamer", "ReNamer\ReNamer.csproj", "{BB489282-6D16-49EC-8215-C207A8582929}"
EndProject
Project("{FAE04EC0-301F-11D3-BF4B-00C04F79EFBC}") = "Dialog", "Dialog\Dialog.csproj", "{E02439C1-8E66-49DB-B7EB-E119298DC2E4}"
EndProject
Project("{FAE04EC0-301F-11D3-BF4B-00C04F79EFBC}") = "Exif", "Exif\Exif.csproj", "{A7D379E7-4BE2-43CB-B24A-01A080C6330E}"
EndProject
Project("{FAE04EC0-301F-11D3-BF4B-00C04F79EFBC}") = "fileRenamer(v.2.0)", "fileRenamer(v.2.0)\fileRenamer(v.2.0).csproj", "{62F46A1A-4AC4-478A-83A2-2FA412E071EC}"
EndProject
Global
	GlobalSection(SolutionConfigurationPlatforms) = preSolution
		Debug|Any CPU = Debug|Any CPU
		Release|Any CPU = Release|Any CPU
	EndGlobalSection
	GlobalSection(ProjectConfigurationPlatforms) = postSolution
		{8BAD7A0B-3CF0-4DC5-A091-800D05063DC1}.Debug|Any CPU.ActiveCfg = Debug|Any CPU
		{8BAD7A0B-3CF0-4DC5-A091-800D05063DC1}.Debug|Any CPU.Build.0 = Debug|Any CPU
		{8BAD7A0B-3CF0-4DC5-A091-800D05063DC1}.Release|Any CPU.ActiveCfg = Release|Any CPU
		{8BAD7A0B-3CF0-4DC5-A091-800D05063DC1}.Release|Any CPU.Build.0 = Release|Any CPU
		{524198C7-90CA-4D17-B932-2D2EDACB0393}.Debug|Any CPU.ActiveCfg = Debug|Any CPU
		{524198C7-90CA-4D17-B932-2D2EDACB0393}.Debug|Any CPU.Build.0 = Debug|Any CPU
		{524198C7-90CA-4D17-B932-2D2EDACB0393}.Release|Any CPU.ActiveCfg = Release|Any CPU
		{524198C7-90CA-4D17-B932-2D2EDACB0393}.Release|Any CPU.Build.0 = Release|Any CPU
		{BB489282-6D16-49EC-8215-C207A8582929}.Debug|Any CPU.ActiveCfg = Debug|Any CPU
		{BB489282-6D16-49EC-8215-C207A8582929}.Debug|Any CPU.Build.0 = Debug|Any CPU
		{BB489282-6D16-49EC-8215-C207A8582929}.Release|Any CPU.ActiveCfg = Release|Any CPU
		{BB489282-6D16-49EC-8215-C207A8582929}.Release|Any CPU.Build.0 = Release|Any CPU
		{E02439C1-8E66-49DB-B7EB-E119298DC2E4}.Debug|Any CPU.ActiveCfg = Debug|Any CPU
		{E02439C1-8E66-49DB-B7EB-E119298DC2E4}.Debug|Any CPU.Build.0 = Debug|Any CPU
		{E02439C1-8E66-49DB-B7EB-E119298DC2E4}.Release|Any CPU.ActiveCfg = Release|Any CPU
		{E02439C1-8E66-49DB-B7EB-E119298DC2E4}.Release|Any CPU.Build.0 = Release|Any CPU
		{A7D379E7-4BE2-43CB-B24A-01A080C6330E}.Debug|Any CPU.ActiveCfg = Debug|Any CPU
		{A7D379E7-4BE2-43CB-B24A-01A080C6330E}.Debug|Any CPU.Build.0 = Debug|Any CPU
		{A7D379E7-4BE2-43CB-B24A-01A080C6330E}.Release|Any CPU.ActiveCfg = Release|Any CPU
		{A7D379E7-4BE2-43CB-B24A-01A080C6330E}.Release|Any CPU.Build.0 = Release|Any CPU
		{62F46A1A-4AC4-478A-83A2-2FA412E071EC}.Debug|Any CPU.ActiveCfg = Debug|Any CPU
		{62F46A1A-4AC4-478A-83A2-2FA412E071EC}.Debug|Any CPU.Build.0 = Debug|Any CPU
		{62F46A1A-4AC4-478A-83A2-2FA412E071EC}.Release|Any CPU.ActiveCfg = Release|Any CPU
		{62F46A1A-4AC4-478A-83A2-2FA412E071EC}.Release|Any CPU.Build.0 = Release|Any CPU
	EndGlobalSection
	GlobalSection(SolutionProperties) = preSolution
		HideSolutionNode = FALSE
	EndGlobalSection
	GlobalSection(ExtensibilityGlobals) = postSolution
		SolutionGuid = {E655C4C5-C6ED-416A-9E4E-0440A1D03AF4}
	EndGlobalSection
EndGlobal
